// !$*UTF8*$!
{
	archiveVersion = 1;
	classes = {
	};
	objectVersion = 56;
	objects = {

/* Begin PBXBuildFile section */
		DB43613F2A50592200EDE5DB /* SettingsViewController.swift in Sources */ = {isa = PBXBuildFile; fileRef = DB43613E2A50592200EDE5DB /* SettingsViewController.swift */; };
		DB45D0522A4125F200379574 /* AppDelegate.swift in Sources */ = {isa = PBXBuildFile; fileRef = DB45D0512A4125F200379574 /* AppDelegate.swift */; };
		DB45D0542A4125F200379574 /* SceneDelegate.swift in Sources */ = {isa = PBXBuildFile; fileRef = DB45D0532A4125F200379574 /* SceneDelegate.swift */; };
		DB45D0562A4125F200379574 /* ViewController.swift in Sources */ = {isa = PBXBuildFile; fileRef = DB45D0552A4125F200379574 /* ViewController.swift */; };
		DB45D0592A4125F200379574 /* Main.storyboard in Resources */ = {isa = PBXBuildFile; fileRef = DB45D0572A4125F200379574 /* Main.storyboard */; };
		DB45D05B2A4125F600379574 /* Assets.xcassets in Resources */ = {isa = PBXBuildFile; fileRef = DB45D05A2A4125F600379574 /* Assets.xcassets */; };
		DB45D05E2A4125F600379574 /* LaunchScreen.storyboard in Resources */ = {isa = PBXBuildFile; fileRef = DB45D05C2A4125F600379574 /* LaunchScreen.storyboard */; };
		DB45D0672A4129E300379574 /* Quicksand-VariableFont_wght.ttf in Resources */ = {isa = PBXBuildFile; fileRef = DB45D0662A4129E300379574 /* Quicksand-VariableFont_wght.ttf */; };
		DB45D06B2A4133A700379574 /* MainViewController.swift in Sources */ = {isa = PBXBuildFile; fileRef = DB45D06A2A4133A700379574 /* MainViewController.swift */; };
		DBA8B6A72A4F62CB00A941C6 /* NewConnectionViewController.swift in Sources */ = {isa = PBXBuildFile; fileRef = DBA8B6A62A4F62CB00A941C6 /* NewConnectionViewController.swift */; };
		DBD40E2C2A4F916B006799F7 /* LoadConnectionViewController.swift in Sources */ = {isa = PBXBuildFile; fileRef = DBD40E2B2A4F916B006799F7 /* LoadConnectionViewController.swift */; };
		DBD40E2F2A4FA640006799F7 /* MapViewController.swift in Sources */ = {isa = PBXBuildFile; fileRef = DBD40E2E2A4FA640006799F7 /* MapViewController.swift */; };
		DBD40E312A4FA7A1006799F7 /* ActivityViewController.swift in Sources */ = {isa = PBXBuildFile; fileRef = DBD40E302A4FA7A1006799F7 /* ActivityViewController.swift */; };
/* End PBXBuildFile section */

/* Begin PBXFileReference section */
		DB43613E2A50592200EDE5DB /* SettingsViewController.swift */ = {isa = PBXFileReference; lastKnownFileType = sourcecode.swift; path = SettingsViewController.swift; sourceTree = "<group>"; };
		DB45D04E2A4125F200379574 /* CatCam.app */ = {isa = PBXFileReference; explicitFileType = wrapper.application; includeInIndex = 0; path = CatCam.app; sourceTree = BUILT_PRODUCTS_DIR; };
		DB45D0512A4125F200379574 /* AppDelegate.swift */ = {isa = PBXFileReference; lastKnownFileType = sourcecode.swift; path = AppDelegate.swift; sourceTree = "<group>"; };
		DB45D0532A4125F200379574 /* SceneDelegate.swift */ = {isa = PBXFileReference; lastKnownFileType = sourcecode.swift; path = SceneDelegate.swift; sourceTree = "<group>"; };
		DB45D0552A4125F200379574 /* ViewController.swift */ = {isa = PBXFileReference; lastKnownFileType = sourcecode.swift; path = ViewController.swift; sourceTree = "<group>"; };
		DB45D0582A4125F200379574 /* Base */ = {isa = PBXFileReference; lastKnownFileType = file.storyboard; name = Base; path = Base.lproj/Main.storyboard; sourceTree = "<group>"; };
		DB45D05A2A4125F600379574 /* Assets.xcassets */ = {isa = PBXFileReference; lastKnownFileType = folder.assetcatalog; path = Assets.xcassets; sourceTree = "<group>"; };
		DB45D05D2A4125F600379574 /* Base */ = {isa = PBXFileReference; lastKnownFileType = file.storyboard; name = Base; path = Base.lproj/LaunchScreen.storyboard; sourceTree = "<group>"; };
		DB45D05F2A4125F600379574 /* Info.plist */ = {isa = PBXFileReference; lastKnownFileType = text.plist.xml; path = Info.plist; sourceTree = "<group>"; };
		DB45D0662A4129E300379574 /* Quicksand-VariableFont_wght.ttf */ = {isa = PBXFileReference; lastKnownFileType = file; path = "Quicksand-VariableFont_wght.ttf"; sourceTree = "<group>"; };
		DB45D06A2A4133A700379574 /* MainViewController.swift */ = {isa = PBXFileReference; lastKnownFileType = sourcecode.swift; path = MainViewController.swift; sourceTree = "<group>"; };
		DBA8B6A62A4F62CB00A941C6 /* NewConnectionViewController.swift */ = {isa = PBXFileReference; lastKnownFileType = sourcecode.swift; path = NewConnectionViewController.swift; sourceTree = "<group>"; };
		DBD40E2B2A4F916B006799F7 /* LoadConnectionViewController.swift */ = {isa = PBXFileReference; lastKnownFileType = sourcecode.swift; path = LoadConnectionViewController.swift; sourceTree = "<group>"; };
		DBD40E2E2A4FA640006799F7 /* MapViewController.swift */ = {isa = PBXFileReference; lastKnownFileType = sourcecode.swift; path = MapViewController.swift; sourceTree = "<group>"; };
		DBD40E302A4FA7A1006799F7 /* ActivityViewController.swift */ = {isa = PBXFileReference; lastKnownFileType = sourcecode.swift; path = ActivityViewController.swift; sourceTree = "<group>"; };
/* End PBXFileReference section */

/* Begin PBXFrameworksBuildPhase section */
		DB45D04B2A4125F200379574 /* Frameworks */ = {
			isa = PBXFrameworksBuildPhase;
			buildActionMask = 2147483647;
			files = (
			);
			runOnlyForDeploymentPostprocessing = 0;
		};
/* End PBXFrameworksBuildPhase section */

/* Begin PBXGroup section */
		DB45D0452A4125F200379574 = {
			isa = PBXGroup;
			children = (
				DB45D0502A4125F200379574 /* CatCam */,
				DB45D04F2A4125F200379574 /* Products */,
			);
			sourceTree = "<group>";
		};
		DB45D04F2A4125F200379574 /* Products */ = {
			isa = PBXGroup;
			children = (
				DB45D04E2A4125F200379574 /* CatCam.app */,
			);
			name = Products;
			sourceTree = "<group>";
		};
		DB45D0502A4125F200379574 /* CatCam */ = {
			isa = PBXGroup;
			children = (
				DB45D0512A4125F200379574 /* AppDelegate.swift */,
				DB45D0532A4125F200379574 /* SceneDelegate.swift */,
				DB45D0552A4125F200379574 /* ViewController.swift */,
				DB45D0572A4125F200379574 /* Main.storyboard */,
				DB45D0692A41337600379574 /* Classes */,
				DB45D05A2A4125F600379574 /* Assets.xcassets */,
				DB45D05C2A4125F600379574 /* LaunchScreen.storyboard */,
				DB45D05F2A4125F600379574 /* Info.plist */,
				DB45D0662A4129E300379574 /* Quicksand-VariableFont_wght.ttf */,
			);
			path = CatCam;
			sourceTree = "<group>";
		};
		DB45D0692A41337600379574 /* Classes */ = {
			isa = PBXGroup;
			children = (
				DBD40E2E2A4FA640006799F7 /* MapViewController.swift */,
				DB45D06A2A4133A700379574 /* MainViewController.swift */,
				DBA8B6A62A4F62CB00A941C6 /* NewConnectionViewController.swift */,
				DBD40E2B2A4F916B006799F7 /* LoadConnectionViewController.swift */,
				DBD40E302A4FA7A1006799F7 /* ActivityViewController.swift */,
				DB43613E2A50592200EDE5DB /* SettingsViewController.swift */,
			);
			path = Classes;
			sourceTree = "<group>";
		};
/* End PBXGroup section */

/* Begin PBXNativeTarget section */
		DB45D04D2A4125F200379574 /* CatCam */ = {
			isa = PBXNativeTarget;
			buildConfigurationList = DB45D0622A4125F600379574 /* Build configuration list for PBXNativeTarget "CatCam" */;
			buildPhases = (
				DB45D04A2A4125F200379574 /* Sources */,
				DB45D04B2A4125F200379574 /* Frameworks */,
				DB45D04C2A4125F200379574 /* Resources */,
			);
			buildRules = (
			);
			dependencies = (
			);
			name = CatCam;
			productName = CatCam;
			productReference = DB45D04E2A4125F200379574 /* CatCam.app */;
			productType = "com.apple.product-type.application";
		};
/* End PBXNativeTarget section */

/* Begin PBXProject section */
		DB45D0462A4125F200379574 /* Project object */ = {
			isa = PBXProject;
			attributes = {
				BuildIndependentTargetsInParallel = 1;
				LastSwiftUpdateCheck = 1430;
				LastUpgradeCheck = 1430;
				TargetAttributes = {
					DB45D04D2A4125F200379574 = {
						CreatedOnToolsVersion = 14.3;
					};
				};
			};
			buildConfigurationList = DB45D0492A4125F200379574 /* Build configuration list for PBXProject "CatCam" */;
			compatibilityVersion = "Xcode 14.0";
			developmentRegion = en;
			hasScannedForEncodings = 0;
			knownRegions = (
				en,
				Base,
			);
			mainGroup = DB45D0452A4125F200379574;
			productRefGroup = DB45D04F2A4125F200379574 /* Products */;
			projectDirPath = "";
			projectRoot = "";
			targets = (
				DB45D04D2A4125F200379574 /* CatCam */,
			);
		};
/* End PBXProject section */

/* Begin PBXResourcesBuildPhase section */
		DB45D04C2A4125F200379574 /* Resources */ = {
			isa = PBXResourcesBuildPhase;
			buildActionMask = 2147483647;
			files = (
				DB45D05E2A4125F600379574 /* LaunchScreen.storyboard in Resources */,
				DB45D0672A4129E300379574 /* Quicksand-VariableFont_wght.ttf in Resources */,
				DB45D05B2A4125F600379574 /* Assets.xcassets in Resources */,
				DB45D0592A4125F200379574 /* Main.storyboard in Resources */,
			);
			runOnlyForDeploymentPostprocessing = 0;
		};
/* End PBXResourcesBuildPhase section */

/* Begin PBXSourcesBuildPhase section */
		DB45D04A2A4125F200379574 /* Sources */ = {
			isa = PBXSourcesBuildPhase;
			buildActionMask = 2147483647;
			files = (
				DBD40E2C2A4F916B006799F7 /* LoadConnectionViewController.swift in Sources */,
				DB45D0562A4125F200379574 /* ViewController.swift in Sources */,
				DB45D0522A4125F200379574 /* AppDelegate.swift in Sources */,
				DBD40E312A4FA7A1006799F7 /* ActivityViewController.swift in Sources */,
				DB45D0542A4125F200379574 /* SceneDelegate.swift in Sources */,
				DB45D06B2A4133A700379574 /* MainViewController.swift in Sources */,
				DBA8B6A72A4F62CB00A941C6 /* NewConnectionViewController.swift in Sources */,
				DBD40E2F2A4FA640006799F7 /* MapViewController.swift in Sources */,
				DB43613F2A50592200EDE5DB /* SettingsViewController.swift in Sources */,
			);
			runOnlyForDeploymentPostprocessing = 0;
		};
/* End PBXSourcesBuildPhase section */

/* Begin PBXVariantGroup section */
		DB45D0572A4125F200379574 /* Main.storyboard */ = {
			isa = PBXVariantGroup;
			children = (
				DB45D0582A4125F200379574 /* Base */,
			);
			name = Main.storyboard;
			sourceTree = "<group>";
		};
		DB45D05C2A4125F600379574 /* LaunchScreen.storyboard */ = {
			isa = PBXVariantGroup;
			children = (
				DB45D05D2A4125F600379574 /* Base */,
			);
			name = LaunchScreen.storyboard;
			sourceTree = "<group>";
		};
/* End PBXVariantGroup section */

/* Begin XCBuildConfiguration section */
		DB45D0602A4125F600379574 /* Debug */ = {
			isa = XCBuildConfiguration;
			buildSettings = {
				ALWAYS_SEARCH_USER_PATHS = NO;
				CLANG_ANALYZER_NONNULL = YES;
				CLANG_ANALYZER_NUMBER_OBJECT_CONVERSION = YES_AGGRESSIVE;
				CLANG_CXX_LANGUAGE_STANDARD = "gnu++20";
				CLANG_ENABLE_MODULES = YES;
				CLANG_ENABLE_OBJC_ARC = YES;
				CLANG_ENABLE_OBJC_WEAK = YES;
				CLANG_WARN_BLOCK_CAPTURE_AUTORELEASING = YES;
				CLANG_WARN_BOOL_CONVERSION = YES;
				CLANG_WARN_COMMA = YES;
				CLANG_WARN_CONSTANT_CONVERSION = YES;
				CLANG_WARN_DEPRECATED_OBJC_IMPLEMENTATIONS = YES;
				CLANG_WARN_DIRECT_OBJC_ISA_USAGE = YES_ERROR;
				CLANG_WARN_DOCUMENTATION_COMMENTS = YES;
				CLANG_WARN_EMPTY_BODY = YES;
				CLANG_WARN_ENUM_CONVERSION = YES;
				CLANG_WARN_INFINITE_RECURSION = YES;
				CLANG_WARN_INT_CONVERSION = YES;
				CLANG_WARN_NON_LITERAL_NULL_CONVERSION = YES;
				CLANG_WARN_OBJC_IMPLICIT_RETAIN_SELF = YES;
				CLANG_WARN_OBJC_LITERAL_CONVERSION = YES;
				CLANG_WARN_OBJC_ROOT_CLASS = YES_ERROR;
				CLANG_WARN_QUOTED_INCLUDE_IN_FRAMEWORK_HEADER = YES;
				CLANG_WARN_RANGE_LOOP_ANALYSIS = YES;
				CLANG_WARN_STRICT_PROTOTYPES = YES;
				CLANG_WARN_SUSPICIOUS_MOVE = YES;
				CLANG_WARN_UNGUARDED_AVAILABILITY = YES_AGGRESSIVE;
				CLANG_WARN_UNREACHABLE_CODE = YES;
				CLANG_WARN__DUPLICATE_METHOD_MATCH = YES;
				COPY_PHASE_STRIP = NO;
				DEBUG_INFORMATION_FORMAT = dwarf;
				ENABLE_STRICT_OBJC_MSGSEND = YES;
				ENABLE_TESTABILITY = YES;
				GCC_C_LANGUAGE_STANDARD = gnu11;
				GCC_DYNAMIC_NO_PIC = NO;
				GCC_NO_COMMON_BLOCKS = YES;
				GCC_OPTIMIZATION_LEVEL = 0;
				GCC_PREPROCESSOR_DEFINITIONS = (
					"DEBUG=1",
					"$(inherited)",
				);
				GCC_WARN_64_TO_32_BIT_CONVERSION = YES;
				GCC_WARN_ABOUT_RETURN_TYPE = YES_ERROR;
				GCC_WARN_UNDECLARED_SELECTOR = YES;
				GCC_WARN_UNINITIALIZED_AUTOS = YES_AGGRESSIVE;
				GCC_WARN_UNUSED_FUNCTION = YES;
				GCC_WARN_UNUSED_VARIABLE = YES;
				IPHONEOS_DEPLOYMENT_TARGET = 16.4;
				MTL_ENABLE_DEBUG_INFO = INCLUDE_SOURCE;
				MTL_FAST_MATH = YES;
				ONLY_ACTIVE_ARCH = YES;
				SDKROOT = iphoneos;
				SWIFT_ACTIVE_COMPILATION_CONDITIONS = DEBUG;
				SWIFT_OPTIMIZATION_LEVEL = "-Onone";
			};
			name = Debug;
		};
		DB45D0612A4125F600379574 /* Release */ = {
			isa = XCBuildConfiguration;
			buildSettings = {
				ALWAYS_SEARCH_USER_PATHS = NO;
				CLANG_ANALYZER_NONNULL = YES;
				CLANG_ANALYZER_NUMBER_OBJECT_CONVERSION = YES_AGGRESSIVE;
				CLANG_CXX_LANGUAGE_STANDARD = "gnu++20";
				CLANG_ENABLE_MODULES = YES;
				CLANG_ENABLE_OBJC_ARC = YES;
				CLANG_ENABLE_OBJC_WEAK = YES;
				CLANG_WARN_BLOCK_CAPTURE_AUTORELEASING = YES;
				CLANG_WARN_BOOL_CONVERSION = YES;
				CLANG_WARN_COMMA = YES;
				CLANG_WARN_CONSTANT_CONVERSION = YES;
				CLANG_WARN_DEPRECATED_OBJC_IMPLEMENTATIONS = YES;
				CLANG_WARN_DIRECT_OBJC_ISA_USAGE = YES_ERROR;
				CLANG_WARN_DOCUMENTATION_COMMENTS = YES;
				CLANG_WARN_EMPTY_BODY = YES;
				CLANG_WARN_ENUM_CONVERSION = YES;
				CLANG_WARN_INFINITE_RECURSION = YES;
				CLANG_WARN_INT_CONVERSION = YES;
				CLANG_WARN_NON_LITERAL_NULL_CONVERSION = YES;
				CLANG_WARN_OBJC_IMPLICIT_RETAIN_SELF = YES;
				CLANG_WARN_OBJC_LITERAL_CONVERSION = YES;
				CLANG_WARN_OBJC_ROOT_CLASS = YES_ERROR;
				CLANG_WARN_QUOTED_INCLUDE_IN_FRAMEWORK_HEADER = YES;
				CLANG_WARN_RANGE_LOOP_ANALYSIS = YES;
				CLANG_WARN_STRICT_PROTOTYPES = YES;
				CLANG_WARN_SUSPICIOUS_MOVE = YES;
				CLANG_WARN_UNGUARDED_AVAILABILITY = YES_AGGRESSIVE;
				CLANG_WARN_UNREACHABLE_CODE = YES;
				CLANG_WARN__DUPLICATE_METHOD_MATCH = YES;
				COPY_PHASE_STRIP = NO;
				DEBUG_INFORMATION_FORMAT = "dwarf-with-dsym";
				ENABLE_NS_ASSERTIONS = NO;
				ENABLE_STRICT_OBJC_MSGSEND = YES;
				GCC_C_LANGUAGE_STANDARD = gnu11;
				GCC_NO_COMMON_BLOCKS = YES;
				GCC_WARN_64_TO_32_BIT_CONVERSION = YES;
				GCC_WARN_ABOUT_RETURN_TYPE = YES_ERROR;
				GCC_WARN_UNDECLARED_SELECTOR = YES;
				GCC_WARN_UNINITIALIZED_AUTOS = YES_AGGRESSIVE;
				GCC_WARN_UNUSED_FUNCTION = YES;
				GCC_WARN_UNUSED_VARIABLE = YES;
				IPHONEOS_DEPLOYMENT_TARGET = 16.4;
				MTL_ENABLE_DEBUG_INFO = NO;
				MTL_FAST_MATH = YES;
				SDKROOT = iphoneos;
				SWIFT_COMPILATION_MODE = wholemodule;
				SWIFT_OPTIMIZATION_LEVEL = "-O";
				VALIDATE_PRODUCT = YES;
			};
			name = Release;
		};
		DB45D0632A4125F600379574 /* Debug */ = {
			isa = XCBuildConfiguration;
			buildSettings = {
				ASSETCATALOG_COMPILER_APPICON_NAME = AppIcon;
				ASSETCATALOG_COMPILER_GLOBAL_ACCENT_COLOR_NAME = AccentColor;
				CODE_SIGN_STYLE = Automatic;
				CURRENT_PROJECT_VERSION = 1;
				DEVELOPMENT_TEAM = 2VJMYLPL3S;
				GENERATE_INFOPLIST_FILE = YES;
				INFOPLIST_FILE = CatCam/Info.plist;
				INFOPLIST_KEY_UIApplicationSupportsIndirectInputEvents = YES;
				INFOPLIST_KEY_UILaunchStoryboardName = LaunchScreen;
				INFOPLIST_KEY_UIMainStoryboardFile = Main;
				INFOPLIST_KEY_UISupportedInterfaceOrientations_iPad = "UIInterfaceOrientationPortrait UIInterfaceOrientationPortraitUpsideDown UIInterfaceOrientationLandscapeLeft UIInterfaceOrientationLandscapeRight";
				INFOPLIST_KEY_UISupportedInterfaceOrientations_iPhone = "UIInterfaceOrientationPortrait UIInterfaceOrientationLandscapeLeft UIInterfaceOrientationLandscapeRight";
				LD_RUNPATH_SEARCH_PATHS = (
					"$(inherited)",
					"@executable_path/Frameworks",
				);
				MARKETING_VERSION = 1.0;
				PRODUCT_BUNDLE_IDENTIFIER = melinaosterloh.CatCam;
				PRODUCT_NAME = "$(TARGET_NAME)";
				SWIFT_EMIT_LOC_STRINGS = YES;
				SWIFT_VERSION = 5.0;
				TARGETED_DEVICE_FAMILY = "1,2";
			};
			name = Debug;
		};
		DB45D0642A4125F600379574 /* Release */ = {
			isa = XCBuildConfiguration;
			buildSettings = {
				ASSETCATALOG_COMPILER_APPICON_NAME = AppIcon;
				ASSETCATALOG_COMPILER_GLOBAL_ACCENT_COLOR_NAME = AccentColor;
				CODE_SIGN_STYLE = Automatic;
				CURRENT_PROJECT_VERSION = 1;
				DEVELOPMENT_TEAM = 2VJMYLPL3S;
				GENERATE_INFOPLIST_FILE = YES;
				INFOPLIST_FILE = CatCam/Info.plist;
				INFOPLIST_KEY_UIApplicationSupportsIndirectInputEvents = YES;
				INFOPLIST_KEY_UILaunchStoryboardName = LaunchScreen;
				INFOPLIST_KEY_UIMainStoryboardFile = Main;
				INFOPLIST_KEY_UISupportedInterfaceOrientations_iPad = "UIInterfaceOrientationPortrait UIInterfaceOrientationPortraitUpsideDown UIInterfaceOrientationLandscapeLeft UIInterfaceOrientationLandscapeRight";
				INFOPLIST_KEY_UISupportedInterfaceOrientations_iPhone = "UIInterfaceOrientationPortrait UIInterfaceOrientationLandscapeLeft UIInterfaceOrientationLandscapeRight";
				LD_RUNPATH_SEARCH_PATHS = (
					"$(inherited)",
					"@executable_path/Frameworks",
				);
				MARKETING_VERSION = 1.0;
				PRODUCT_BUNDLE_IDENTIFIER = melinaosterloh.CatCam;
				PRODUCT_NAME = "$(TARGET_NAME)";
				SWIFT_EMIT_LOC_STRINGS = YES;
				SWIFT_VERSION = 5.0;
				TARGETED_DEVICE_FAMILY = "1,2";
			};
			name = Release;
		};
/* End XCBuildConfiguration section */

/* Begin XCConfigurationList section */
		DB45D0492A4125F200379574 /* Build configuration list for PBXProject "CatCam" */ = {
			isa = XCConfigurationList;
			buildConfigurations = (
				DB45D0602A4125F600379574 /* Debug */,
				DB45D0612A4125F600379574 /* Release */,
			);
			defaultConfigurationIsVisible = 0;
			defaultConfigurationName = Release;
		};
		DB45D0622A4125F600379574 /* Build configuration list for PBXNativeTarget "CatCam" */ = {
			isa = XCConfigurationList;
			buildConfigurations = (
				DB45D0632A4125F600379574 /* Debug */,
				DB45D0642A4125F600379574 /* Release */,
			);
			defaultConfigurationIsVisible = 0;
			defaultConfigurationName = Release;
		};
/* End XCConfigurationList section */
	};
	rootObject = DB45D0462A4125F200379574 /* Project object */;
}
